
Microsoft Visual Studio Solution File, Format Version 12.00
# Visual Studio Version 17
VisualStudioVersion = 17.14.36301.6
MinimumVisualStudioVersion = 10.0.40219.1
Project("{FAE04EC0-301F-11D3-BF4B-00C04F79EFBC}") = "ToDoAPI.API", "ToDoAPI.API\ToDoAPI.API.csproj", "{59CE3A07-C36C-4F7B-B7AA-D1F2B120044F}"
EndProject
Project("{FAE04EC0-301F-11D3-BF4B-00C04F79EFBC}") = "ToDoAPI.Application", "ToDoAPI.Application\ToDoAPI.Application.csproj", "{D16494D2-8053-4A70-BA9C-841917FDEE28}"
EndProject
Project("{FAE04EC0-301F-11D3-BF4B-00C04F79EFBC}") = "ToDoAPI.Domain", "ToDoAPI.Domain\ToDoAPI.Domain.csproj", "{01175F73-47F0-4508-B541-DF8C1EA0DCA7}"
EndProject
Project("{FAE04EC0-301F-11D3-BF4B-00C04F79EFBC}") = "ToDoAPI.Infrastructure", "ToDoAPI.Infrastructure\ToDoAPI.Infrastructure.csproj", "{2E73DC77-7375-4FBB-B1CD-7C6AB1DA29AA}"
EndProject
Project("{2150E333-8FDC-42A3-9474-1A3956D46DE8}") = "test", "test", "{0C88DD14-F956-CE84-757C-A364CCF449FC}"
EndProject
Project("{FAE04EC0-301F-11D3-BF4B-00C04F79EFBC}") = "ToDoAPI.UnitTests", "test\ToDoAPI.UnitTests\ToDoAPI.UnitTests.csproj", "{697D1DB9-E1B4-4C9F-AC50-F6031F90C788}"
EndProject
Project("{E53339B2-1760-4266-BCC7-CA923CBCF16C}") = "docker-compose", "docker-compose.dcproj", "{81DDED9D-158B-E303-5F62-77A2896D2A5A}"
EndProject
Global
	GlobalSection(SolutionConfigurationPlatforms) = preSolution
		Debug|Any CPU = Debug|Any CPU
		Debug|x64 = Debug|x64
		Debug|x86 = Debug|x86
		Release|Any CPU = Release|Any CPU
		Release|x64 = Release|x64
		Release|x86 = Release|x86
	EndGlobalSection
	GlobalSection(ProjectConfigurationPlatforms) = postSolution
		{59CE3A07-C36C-4F7B-B7AA-D1F2B120044F}.Debug|Any CPU.ActiveCfg = Debug|Any CPU
		{59CE3A07-C36C-4F7B-B7AA-D1F2B120044F}.Debug|Any CPU.Build.0 = Debug|Any CPU
		{59CE3A07-C36C-4F7B-B7AA-D1F2B120044F}.Debug|x64.ActiveCfg = Debug|Any CPU
		{59CE3A07-C36C-4F7B-B7AA-D1F2B120044F}.Debug|x64.Build.0 = Debug|Any CPU
		{59CE3A07-C36C-4F7B-B7AA-D1F2B120044F}.Debug|x86.ActiveCfg = Debug|Any CPU
		{59CE3A07-C36C-4F7B-B7AA-D1F2B120044F}.Debug|x86.Build.0 = Debug|Any CPU
		{59CE3A07-C36C-4F7B-B7AA-D1F2B120044F}.Release|Any CPU.ActiveCfg = Release|Any CPU
		{59CE3A07-C36C-4F7B-B7AA-D1F2B120044F}.Release|Any CPU.Build.0 = Release|Any CPU
		{59CE3A07-C36C-4F7B-B7AA-D1F2B120044F}.Release|x64.ActiveCfg = Release|Any CPU
		{59CE3A07-C36C-4F7B-B7AA-D1F2B120044F}.Release|x64.Build.0 = Release|Any CPU
		{59CE3A07-C36C-4F7B-B7AA-D1F2B120044F}.Release|x86.ActiveCfg = Release|Any CPU
		{59CE3A07-C36C-4F7B-B7AA-D1F2B120044F}.Release|x86.Build.0 = Release|Any CPU
		{D16494D2-8053-4A70-BA9C-841917FDEE28}.Debug|Any CPU.ActiveCfg = Debug|Any CPU
		{D16494D2-8053-4A70-BA9C-841917FDEE28}.Debug|Any CPU.Build.0 = Debug|Any CPU
		{D16494D2-8053-4A70-BA9C-841917FDEE28}.Debug|x64.ActiveCfg = Debug|Any CPU
		{D16494D2-8053-4A70-BA9C-841917FDEE28}.Debug|x64.Build.0 = Debug|Any CPU
		{D16494D2-8053-4A70-BA9C-841917FDEE28}.Debug|x86.ActiveCfg = Debug|Any CPU
		{D16494D2-8053-4A70-BA9C-841917FDEE28}.Debug|x86.Build.0 = Debug|Any CPU
		{D16494D2-8053-4A70-BA9C-841917FDEE28}.Release|Any CPU.ActiveCfg = Release|Any CPU
		{D16494D2-8053-4A70-BA9C-841917FDEE28}.Release|Any CPU.Build.0 = Release|Any CPU
		{D16494D2-8053-4A70-BA9C-841917FDEE28}.Release|x64.ActiveCfg = Release|Any CPU
		{D16494D2-8053-4A70-BA9C-841917FDEE28}.Release|x64.Build.0 = Release|Any CPU
		{D16494D2-8053-4A70-BA9C-841917FDEE28}.Release|x86.ActiveCfg = Release|Any CPU
		{D16494D2-8053-4A70-BA9C-841917FDEE28}.Release|x86.Build.0 = Release|Any CPU
		{01175F73-47F0-4508-B541-DF8C1EA0DCA7}.Debug|Any CPU.ActiveCfg = Debug|Any CPU
		{01175F73-47F0-4508-B541-DF8C1EA0DCA7}.Debug|Any CPU.Build.0 = Debug|Any CPU
		{01175F73-47F0-4508-B541-DF8C1EA0DCA7}.Debug|x64.ActiveCfg = Debug|Any CPU
		{01175F73-47F0-4508-B541-DF8C1EA0DCA7}.Debug|x64.Build.0 = Debug|Any CPU
		{01175F73-47F0-4508-B541-DF8C1EA0DCA7}.Debug|x86.ActiveCfg = Debug|Any CPU
		{01175F73-47F0-4508-B541-DF8C1EA0DCA7}.Debug|x86.Build.0 = Debug|Any CPU
		{01175F73-47F0-4508-B541-DF8C1EA0DCA7}.Release|Any CPU.ActiveCfg = Release|Any CPU
		{01175F73-47F0-4508-B541-DF8C1EA0DCA7}.Release|Any CPU.Build.0 = Release|Any CPU
		{01175F73-47F0-4508-B541-DF8C1EA0DCA7}.Release|x64.ActiveCfg = Release|Any CPU
		{01175F73-47F0-4508-B541-DF8C1EA0DCA7}.Release|x64.Build.0 = Release|Any CPU
		{01175F73-47F0-4508-B541-DF8C1EA0DCA7}.Release|x86.ActiveCfg = Release|Any CPU
		{01175F73-47F0-4508-B541-DF8C1EA0DCA7}.Release|x86.Build.0 = Release|Any CPU
		{2E73DC77-7375-4FBB-B1CD-7C6AB1DA29AA}.Debug|Any CPU.ActiveCfg = Debug|Any CPU
		{2E73DC77-7375-4FBB-B1CD-7C6AB1DA29AA}.Debug|Any CPU.Build.0 = Debug|Any CPU
		{2E73DC77-7375-4FBB-B1CD-7C6AB1DA29AA}.Debug|x64.ActiveCfg = Debug|Any CPU
		{2E73DC77-7375-4FBB-B1CD-7C6AB1DA29AA}.Debug|x64.Build.0 = Debug|Any CPU
		{2E73DC77-7375-4FBB-B1CD-7C6AB1DA29AA}.Debug|x86.ActiveCfg = Debug|Any CPU
		{2E73DC77-7375-4FBB-B1CD-7C6AB1DA29AA}.Debug|x86.Build.0 = Debug|Any CPU
		{2E73DC77-7375-4FBB-B1CD-7C6AB1DA29AA}.Release|Any CPU.ActiveCfg = Release|Any CPU
		{2E73DC77-7375-4FBB-B1CD-7C6AB1DA29AA}.Release|Any CPU.Build.0 = Release|Any CPU
		{2E73DC77-7375-4FBB-B1CD-7C6AB1DA29AA}.Release|x64.ActiveCfg = Release|Any CPU
		{2E73DC77-7375-4FBB-B1CD-7C6AB1DA29AA}.Release|x64.Build.0 = Release|Any CPU
		{2E73DC77-7375-4FBB-B1CD-7C6AB1DA29AA}.Release|x86.ActiveCfg = Release|Any CPU
		{2E73DC77-7375-4FBB-B1CD-7C6AB1DA29AA}.Release|x86.Build.0 = Release|Any CPU
		{697D1DB9-E1B4-4C9F-AC50-F6031F90C788}.Debug|Any CPU.ActiveCfg = Debug|Any CPU
		{697D1DB9-E1B4-4C9F-AC50-F6031F90C788}.Debug|Any CPU.Build.0 = Debug|Any CPU
		{697D1DB9-E1B4-4C9F-AC50-F6031F90C788}.Debug|x64.ActiveCfg = Debug|Any CPU
		{697D1DB9-E1B4-4C9F-AC50-F6031F90C788}.Debug|x64.Build.0 = Debug|Any CPU
		{697D1DB9-E1B4-4C9F-AC50-F6031F90C788}.Debug|x86.ActiveCfg = Debug|Any CPU
		{697D1DB9-E1B4-4C9F-AC50-F6031F90C788}.Debug|x86.Build.0 = Debug|Any CPU
		{697D1DB9-E1B4-4C9F-AC50-F6031F90C788}.Release|Any CPU.ActiveCfg = Release|Any CPU
		{697D1DB9-E1B4-4C9F-AC50-F6031F90C788}.Release|Any CPU.Build.0 = Release|Any CPU
		{697D1DB9-E1B4-4C9F-AC50-F6031F90C788}.Release|x64.ActiveCfg = Release|Any CPU
		{697D1DB9-E1B4-4C9F-AC50-F6031F90C788}.Release|x64.Build.0 = Release|Any CPU
		{697D1DB9-E1B4-4C9F-AC50-F6031F90C788}.Release|x86.ActiveCfg = Release|Any CPU
		{697D1DB9-E1B4-4C9F-AC50-F6031F90C788}.Release|x86.Build.0 = Release|Any CPU
		{81DDED9D-158B-E303-5F62-77A2896D2A5A}.Debug|Any CPU.ActiveCfg = Debug|Any CPU
		{81DDED9D-158B-E303-5F62-77A2896D2A5A}.Debug|Any CPU.Build.0 = Debug|Any CPU
		{81DDED9D-158B-E303-5F62-77A2896D2A5A}.Debug|x64.ActiveCfg = Debug|Any CPU
		{81DDED9D-158B-E303-5F62-77A2896D2A5A}.Debug|x64.Build.0 = Debug|Any CPU
		{81DDED9D-158B-E303-5F62-77A2896D2A5A}.Debug|x86.ActiveCfg = Debug|Any CPU
		{81DDED9D-158B-E303-5F62-77A2896D2A5A}.Debug|x86.Build.0 = Debug|Any CPU
		{81DDED9D-158B-E303-5F62-77A2896D2A5A}.Release|Any CPU.ActiveCfg = Release|Any CPU
		{81DDED9D-158B-E303-5F62-77A2896D2A5A}.Release|Any CPU.Build.0 = Release|Any CPU
		{81DDED9D-158B-E303-5F62-77A2896D2A5A}.Release|x64.ActiveCfg = Release|Any CPU
		{81DDED9D-158B-E303-5F62-77A2896D2A5A}.Release|x64.Build.0 = Release|Any CPU
		{81DDED9D-158B-E303-5F62-77A2896D2A5A}.Release|x86.ActiveCfg = Release|Any CPU
		{81DDED9D-158B-E303-5F62-77A2896D2A5A}.Release|x86.Build.0 = Release|Any CPU
	EndGlobalSection
	GlobalSection(SolutionProperties) = preSolution
		HideSolutionNode = FALSE
	EndGlobalSection
	GlobalSection(NestedProjects) = preSolution
		{697D1DB9-E1B4-4C9F-AC50-F6031F90C788} = {0C88DD14-F956-CE84-757C-A364CCF449FC}
	EndGlobalSection
	GlobalSection(ExtensibilityGlobals) = postSolution
		SolutionGuid = {118164C5-C960-4122-B18A-F7B6B3083C3B}
	EndGlobalSection
EndGlobal
